
Microsoft Visual Studio Solution File, Format Version 12.00
# Visual Studio 15
VisualStudioVersion = 15.0.26124.0
MinimumVisualStudioVersion = 15.0.26124.0
Project("{FAE04EC0-301F-11D3-BF4B-00C04F79EFBC}") = "CORE", "CORE\CORE.csproj", "{4AE17ECC-F35D-4EE1-87B1-49192743EA85}"
EndProject
Project("{FAE04EC0-301F-11D3-BF4B-00C04F79EFBC}") = "API", "API\API.csproj", "{B3D4C55E-3AC6-4DB7-9A43-323FA3518AD5}"
EndProject
Project("{2150E333-8FDC-42A3-9474-1A3956D46DE8}") = "Solution Items", "Solution Items", "{91ECC1AE-1BD1-4E94-89DF-D9B3590473C6}"
EndProject
Project("{FAE04EC0-301F-11D3-BF4B-00C04F79EFBC}") = "Tests", "Tests\Tests.csproj", "{43910BB0-0F85-4B27-B226-7501A15393B9}"
EndProject
Global
	GlobalSection(SolutionConfigurationPlatforms) = preSolution
		Debug|Any CPU = Debug|Any CPU
		Debug|x64 = Debug|x64
		Debug|x86 = Debug|x86
		Release|Any CPU = Release|Any CPU
		Release|x64 = Release|x64
		Release|x86 = Release|x86
	EndGlobalSection
	GlobalSection(SolutionProperties) = preSolution
		HideSolutionNode = FALSE
	EndGlobalSection
	GlobalSection(ProjectConfigurationPlatforms) = postSolution
		{4AE17ECC-F35D-4EE1-87B1-49192743EA85}.Debug|Any CPU.ActiveCfg = Debug|Any CPU
		{4AE17ECC-F35D-4EE1-87B1-49192743EA85}.Debug|Any CPU.Build.0 = Debug|Any CPU
		{4AE17ECC-F35D-4EE1-87B1-49192743EA85}.Debug|x64.ActiveCfg = Debug|Any CPU
		{4AE17ECC-F35D-4EE1-87B1-49192743EA85}.Debug|x64.Build.0 = Debug|Any CPU
		{4AE17ECC-F35D-4EE1-87B1-49192743EA85}.Debug|x86.ActiveCfg = Debug|Any CPU
		{4AE17ECC-F35D-4EE1-87B1-49192743EA85}.Debug|x86.Build.0 = Debug|Any CPU
		{4AE17ECC-F35D-4EE1-87B1-49192743EA85}.Release|Any CPU.ActiveCfg = Release|Any CPU
		{4AE17ECC-F35D-4EE1-87B1-49192743EA85}.Release|Any CPU.Build.0 = Release|Any CPU
		{4AE17ECC-F35D-4EE1-87B1-49192743EA85}.Release|x64.ActiveCfg = Release|Any CPU
		{4AE17ECC-F35D-4EE1-87B1-49192743EA85}.Release|x64.Build.0 = Release|Any CPU
		{4AE17ECC-F35D-4EE1-87B1-49192743EA85}.Release|x86.ActiveCfg = Release|Any CPU
		{4AE17ECC-F35D-4EE1-87B1-49192743EA85}.Release|x86.Build.0 = Release|Any CPU
		{B3D4C55E-3AC6-4DB7-9A43-323FA3518AD5}.Debug|Any CPU.ActiveCfg = Debug|Any CPU
		{B3D4C55E-3AC6-4DB7-9A43-323FA3518AD5}.Debug|Any CPU.Build.0 = Debug|Any CPU
		{B3D4C55E-3AC6-4DB7-9A43-323FA3518AD5}.Debug|x64.ActiveCfg = Debug|Any CPU
		{B3D4C55E-3AC6-4DB7-9A43-323FA3518AD5}.Debug|x64.Build.0 = Debug|Any CPU
		{B3D4C55E-3AC6-4DB7-9A43-323FA3518AD5}.Debug|x86.ActiveCfg = Debug|Any CPU
		{B3D4C55E-3AC6-4DB7-9A43-323FA3518AD5}.Debug|x86.Build.0 = Debug|Any CPU
		{B3D4C55E-3AC6-4DB7-9A43-323FA3518AD5}.Release|Any CPU.ActiveCfg = Release|Any CPU
		{B3D4C55E-3AC6-4DB7-9A43-323FA3518AD5}.Release|Any CPU.Build.0 = Release|Any CPU
		{B3D4C55E-3AC6-4DB7-9A43-323FA3518AD5}.Release|x64.ActiveCfg = Release|Any CPU
		{B3D4C55E-3AC6-4DB7-9A43-323FA3518AD5}.Release|x64.Build.0 = Release|Any CPU
		{B3D4C55E-3AC6-4DB7-9A43-323FA3518AD5}.Release|x86.ActiveCfg = Release|Any CPU
		{B3D4C55E-3AC6-4DB7-9A43-323FA3518AD5}.Release|x86.Build.0 = Release|Any CPU
		{43910BB0-0F85-4B27-B226-7501A15393B9}.Debug|Any CPU.ActiveCfg = Debug|Any CPU
		{43910BB0-0F85-4B27-B226-7501A15393B9}.Debug|Any CPU.Build.0 = Debug|Any CPU
		{43910BB0-0F85-4B27-B226-7501A15393B9}.Debug|x64.ActiveCfg = Debug|Any CPU
		{43910BB0-0F85-4B27-B226-7501A15393B9}.Debug|x64.Build.0 = Debug|Any CPU
		{43910BB0-0F85-4B27-B226-7501A15393B9}.Debug|x86.ActiveCfg = Debug|Any CPU
		{43910BB0-0F85-4B27-B226-7501A15393B9}.Debug|x86.Build.0 = Debug|Any CPU
		{43910BB0-0F85-4B27-B226-7501A15393B9}.Release|Any CPU.ActiveCfg = Release|Any CPU
		{43910BB0-0F85-4B27-B226-7501A15393B9}.Release|Any CPU.Build.0 = Release|Any CPU
		{43910BB0-0F85-4B27-B226-7501A15393B9}.Release|x64.ActiveCfg = Release|Any CPU
		{43910BB0-0F85-4B27-B226-7501A15393B9}.Release|x64.Build.0 = Release|Any CPU
		{43910BB0-0F85-4B27-B226-7501A15393B9}.Release|x86.ActiveCfg = Release|Any CPU
		{43910BB0-0F85-4B27-B226-7501A15393B9}.Release|x86.Build.0 = Release|Any CPU
	EndGlobalSection
EndGlobal
